# THIS IS AN AUTOGENERATED FILE. DO NOT EDIT THIS FILE DIRECTLY.
# yarn lockfile v1


titl@^1.0.0:
  version "1.0.0"
  resolved "https://registry.yarnpkg.com/titl/-/titl-1.0.0.tgz#2214b67fef9e1bc688252c67297b963e88879e86"
  integrity sha512-b+/aXj/rg6ZYT3RA0+8Ici4XmU4R9kDLlqeDtycsbR1Z8UQkuohAqGbSxRdTpOKP9AcSvbsTXdiBlelUWqoRgA==
